
Microsoft Visual Studio Solution File, Format Version 12.00
# Visual Studio Version 17
VisualStudioVersion = 17.14.36414.22 d17.14
MinimumVisualStudioVersion = 10.0.40219.1
Project("{FAE04EC0-301F-11D3-BF4B-00C04F79EFBC}") = "API EXAMEN FINAL", "API EXAMEN FINAL\API EXAMEN FINAL.csproj", "{B928940D-39FD-4F81-B312-17F653B921C6}"
EndProject
Global
	GlobalSection(SolutionConfigurationPlatforms) = preSolution
		Debug|Any CPU = Debug|Any CPU
		Release|Any CPU = Release|Any CPU
	EndGlobalSection
	GlobalSection(ProjectConfigurationPlatforms) = postSolution
		{B928940D-39FD-4F81-B312-17F653B921C6}.Debug|Any CPU.ActiveCfg = Debug|Any CPU
		{B928940D-39FD-4F81-B312-17F653B921C6}.Debug|Any CPU.Build.0 = Debug|Any CPU
		{B928940D-39FD-4F81-B312-17F653B921C6}.Release|Any CPU.ActiveCfg = Release|Any CPU
		{B928940D-39FD-4F81-B312-17F653B921C6}.Release|Any CPU.Build.0 = Release|Any CPU
	EndGlobalSection
	GlobalSection(SolutionProperties) = preSolution
		HideSolutionNode = FALSE
	EndGlobalSection
	GlobalSection(ExtensibilityGlobals) = postSolution
		SolutionGuid = {026183E6-4D05-46AC-9701-382823F9672E}
	EndGlobalSection
EndGlobal
